// !$*UTF8*$!
{
	archiveVersion = 1;
	classes = {
	};
	objectVersion = 50;
	objects = {

/* Begin PBXBuildFile section */
		85C3EB942491B777000DF50E /* AppDelegate.swift in Sources */ = {isa = PBXBuildFile; fileRef = 85C3EB932491B777000DF50E /* AppDelegate.swift */; };
		85C3EB962491B777000DF50E /* SceneDelegate.swift in Sources */ = {isa = PBXBuildFile; fileRef = 85C3EB952491B777000DF50E /* SceneDelegate.swift */; };
		85C3EB982491B777000DF50E /* ViewController.swift in Sources */ = {isa = PBXBuildFile; fileRef = 85C3EB972491B777000DF50E /* ViewController.swift */; };
		85C3EB9B2491B777000DF50E /* Main.storyboard in Resources */ = {isa = PBXBuildFile; fileRef = 85C3EB992491B777000DF50E /* Main.storyboard */; };
		85C3EB9D2491B778000DF50E /* Assets.xcassets in Resources */ = {isa = PBXBuildFile; fileRef = 85C3EB9C2491B778000DF50E /* Assets.xcassets */; };
		85C3EBA02491B778000DF50E /* LaunchScreen.storyboard in Resources */ = {isa = PBXBuildFile; fileRef = 85C3EB9E2491B778000DF50E /* LaunchScreen.storyboard */; };
		CF1C786117FB9E34E4FF0E5D /* Pods_tester.framework in Frameworks */ = {isa = PBXBuildFile; fileRef = 83D6EF63FA0A757873CB7E26 /* Pods_tester.framework */; };
/* End PBXBuildFile section */

/* Begin PBXFileReference section */
		012A1103C07B887AFDB3BD6A /* Pods-tester.release.xcconfig */ = {isa = PBXFileReference; includeInIndex = 1; lastKnownFileType = text.xcconfig; name = "Pods-tester.release.xcconfig"; path = "Target Support Files/Pods-tester/Pods-tester.release.xcconfig"; sourceTree = "<group>"; };
		83D6EF63FA0A757873CB7E26 /* Pods_tester.framework */ = {isa = PBXFileReference; explicitFileType = wrapper.framework; includeInIndex = 0; path = Pods_tester.framework; sourceTree = BUILT_PRODUCTS_DIR; };
		85C3EB902491B777000DF50E /* tester.app */ = {isa = PBXFileReference; explicitFileType = wrapper.application; includeInIndex = 0; path = tester.app; sourceTree = BUILT_PRODUCTS_DIR; };
		85C3EB932491B777000DF50E /* AppDelegate.swift */ = {isa = PBXFileReference; lastKnownFileType = sourcecode.swift; path = AppDelegate.swift; sourceTree = "<group>"; };
		85C3EB952491B777000DF50E /* SceneDelegate.swift */ = {isa = PBXFileReference; lastKnownFileType = sourcecode.swift; path = SceneDelegate.swift; sourceTree = "<group>"; };
		85C3EB972491B777000DF50E /* ViewController.swift */ = {isa = PBXFileReference; lastKnownFileType = sourcecode.swift; path = ViewController.swift; sourceTree = "<group>"; };
		85C3EB9A2491B777000DF50E /* Base */ = {isa = PBXFileReference; lastKnownFileType = file.storyboard; name = Base; path = Base.lproj/Main.storyboard; sourceTree = "<group>"; };
		85C3EB9C2491B778000DF50E /* Assets.xcassets */ = {isa = PBXFileReference; lastKnownFileType = folder.assetcatalog; path = Assets.xcassets; sourceTree = "<group>"; };
		85C3EB9F2491B778000DF50E /* Base */ = {isa = PBXFileReference; lastKnownFileType = file.storyboard; name = Base; path = Base.lproj/LaunchScreen.storyboard; sourceTree = "<group>"; };
		85C3EBA12491B778000DF50E /* Info.plist */ = {isa = PBXFileReference; lastKnownFileType = text.plist.xml; path = Info.plist; sourceTree = "<group>"; };
		CE920607F00219A074C3FECB /* Pods-tester.debug.xcconfig */ = {isa = PBXFileReference; includeInIndex = 1; lastKnownFileType = text.xcconfig; name = "Pods-tester.debug.xcconfig"; path = "Target Support Files/Pods-tester/Pods-tester.debug.xcconfig"; sourceTree = "<group>"; };
/* End PBXFileReference section */

/* Begin PBXFrameworksBuildPhase section */
		85C3EB8D2491B777000DF50E /* Frameworks */ = {
			isa = PBXFrameworksBuildPhase;
			buildActionMask = 2147483647;
			files = (
				CF1C786117FB9E34E4FF0E5D /* Pods_tester.framework in Frameworks */,
			);
			runOnlyForDeploymentPostprocessing = 0;
		};
/* End PBXFrameworksBuildPhase section */

/* Begin PBXGroup section */
		03FEA6A4B053F4F6143039F0 /* Pods */ = {
			isa = PBXGroup;
			children = (
				CE920607F00219A074C3FECB /* Pods-tester.debug.xcconfig */,
				012A1103C07B887AFDB3BD6A /* Pods-tester.release.xcconfig */,
			);
			name = Pods;
			path = Pods;
			sourceTree = "<group>";
		};
		57EBB1290599E3E2085875AA /* Frameworks */ = {
			isa = PBXGroup;
			children = (
				83D6EF63FA0A757873CB7E26 /* Pods_tester.framework */,
			);
			name = Frameworks;
			sourceTree = "<group>";
		};
		85C3EB872491B777000DF50E = {
			isa = PBXGroup;
			children = (
				85C3EB922491B777000DF50E /* tester */,
				85C3EB912491B777000DF50E /* Products */,
				03FEA6A4B053F4F6143039F0 /* Pods */,
				57EBB1290599E3E2085875AA /* Frameworks */,
			);
			sourceTree = "<group>";
		};
		85C3EB912491B777000DF50E /* Products */ = {
			isa = PBXGroup;
			children = (
				85C3EB902491B777000DF50E /* tester.app */,
			);
			name = Products;
			sourceTree = "<group>";
		};
		85C3EB922491B777000DF50E /* tester */ = {
			isa = PBXGroup;
			children = (
				85C3EB932491B777000DF50E /* AppDelegate.swift */,
				85C3EB952491B777000DF50E /* SceneDelegate.swift */,
				85C3EB972491B777000DF50E /* ViewController.swift */,
				85C3EB992491B777000DF50E /* Main.storyboard */,
				85C3EB9C2491B778000DF50E /* Assets.xcassets */,
				85C3EB9E2491B778000DF50E /* LaunchScreen.storyboard */,
				85C3EBA12491B778000DF50E /* Info.plist */,
			);
			path = tester;
			sourceTree = "<group>";
		};
/* End PBXGroup section */

/* Begin PBXNativeTarget section */
		85C3EB8F2491B777000DF50E /* tester */ = {
			isa = PBXNativeTarget;
			buildConfigurationList = 85C3EBA42491B778000DF50E /* Build configuration list for PBXNativeTarget "tester" */;
			buildPhases = (
				D7D5C213B7A08A40C154A5BB /* [CP] Check Pods Manifest.lock */,
				85C3EB8C2491B777000DF50E /* Sources */,
				85C3EB8D2491B777000DF50E /* Frameworks */,
				85C3EB8E2491B777000DF50E /* Resources */,
				CF4B30FDBB21D5F1B5ADC33F /* [CP] Embed Pods Frameworks */,
			);
			buildRules = (
			);
			dependencies = (
			);
			name = tester;
			productName = tester;
			productReference = 85C3EB902491B777000DF50E /* tester.app */;
			productType = "com.apple.product-type.application";
		};
/* End PBXNativeTarget section */

/* Begin PBXProject section */
		85C3EB882491B777000DF50E /* Project object */ = {
			isa = PBXProject;
			attributes = {
				LastSwiftUpdateCheck = 1150;
				LastUpgradeCheck = 1150;
				ORGANIZATIONNAME = "Poorna Jay";
				TargetAttributes = {
					85C3EB8F2491B777000DF50E = {
						CreatedOnToolsVersion = 11.5;
					};
				};
			};
			buildConfigurationList = 85C3EB8B2491B777000DF50E /* Build configuration list for PBXProject "tester" */;
			compatibilityVersion = "Xcode 9.3";
			developmentRegion = en;
			hasScannedForEncodings = 0;
			knownRegions = (
				en,
				Base,
			);
			mainGroup = 85C3EB872491B777000DF50E;
			productRefGroup = 85C3EB912491B777000DF50E /* Products */;
			projectDirPath = "";
			projectRoot = "";
			targets = (
				85C3EB8F2491B777000DF50E /* tester */,
			);
		};
/* End PBXProject section */

/* Begin PBXResourcesBuildPhase section */
		85C3EB8E2491B777000DF50E /* Resources */ = {
			isa = PBXResourcesBuildPhase;
			buildActionMask = 2147483647;
			files = (
				85C3EBA02491B778000DF50E /* LaunchScreen.storyboard in Resources */,
				85C3EB9D2491B778000DF50E /* Assets.xcassets in Resources */,
				85C3EB9B2491B777000DF50E /* Main.storyboard in Resources */,
			);
			runOnlyForDeploymentPostprocessing = 0;
		};
/* End PBXResourcesBuildPhase section */

/* Begin PBXShellScriptBuildPhase section */
		CF4B30FDBB21D5F1B5ADC33F /* [CP] Embed Pods Frameworks */ = {
			isa = PBXShellScriptBuildPhase;
			buildActionMask = 2147483647;
			files = (
			);
			inputFileListPaths = (
				"${PODS_ROOT}/Target Support Files/Pods-tester/Pods-tester-frameworks-${CONFIGURATION}-input-files.xcfilelist",
			);
			name = "[CP] Embed Pods Frameworks";
			outputFileListPaths = (
				"${PODS_ROOT}/Target Support Files/Pods-tester/Pods-tester-frameworks-${CONFIGURATION}-output-files.xcfilelist",
			);
			runOnlyForDeploymentPostprocessing = 0;
			shellPath = /bin/sh;
			shellScript = "\"${PODS_ROOT}/Target Support Files/Pods-tester/Pods-tester-frameworks.sh\"\n";
			showEnvVarsInLog = 0;
		};
		D7D5C213B7A08A40C154A5BB /* [CP] Check Pods Manifest.lock */ = {
			isa = PBXShellScriptBuildPhase;
			buildActionMask = 2147483647;
			files = (
			);
			inputFileListPaths = (
			);
			inputPaths = (
				"${PODS_PODFILE_DIR_PATH}/Podfile.lock",
				"${PODS_ROOT}/Manifest.lock",
			);
			name = "[CP] Check Pods Manifest.lock";
			outputFileListPaths = (
			);
			outputPaths = (
				"$(DERIVED_FILE_DIR)/Pods-tester-checkManifestLockResult.txt",
			);
			runOnlyForDeploymentPostprocessing = 0;
			shellPath = /bin/sh;
			shellScript = "diff \"${PODS_PODFILE_DIR_PATH}/Podfile.lock\" \"${PODS_ROOT}/Manifest.lock\" > /dev/null\nif [ $? != 0 ] ; then\n    # print error to STDERR\n    echo \"error: The sandbox is not in sync with the Podfile.lock. Run 'pod install' or update your CocoaPods installation.\" >&2\n    exit 1\nfi\n# This output is used by Xcode 'outputs' to avoid re-running this script phase.\necho \"SUCCESS\" > \"${SCRIPT_OUTPUT_FILE_0}\"\n";
			showEnvVarsInLog = 0;
		};
/* End PBXShellScriptBuildPhase section */

/* Begin PBXSourcesBuildPhase section */
		85C3EB8C2491B777000DF50E /* Sources */ = {
			isa = PBXSourcesBuildPhase;
			buildActionMask = 2147483647;
			files = (
				85C3EB982491B777000DF50E /* ViewController.swift in Sources */,
				85C3EB942491B777000DF50E /* AppDelegate.swift in Sources */,
				85C3EB962491B777000DF50E /* SceneDelegate.swift in Sources */,
			);
			runOnlyForDeploymentPostprocessing = 0;
		};
/* End PBXSourcesBuildPhase section */

/* Begin PBXVariantGroup section */
		85C3EB992491B777000DF50E /* Main.storyboard */ = {
			isa = PBXVariantGroup;
			children = (
				85C3EB9A2491B777000DF50E /* Base */,
			);
			name = Main.storyboard;
			sourceTree = "<group>";
		};
		85C3EB9E2491B778000DF50E /* LaunchScreen.storyboard */ = {
			isa = PBXVariantGroup;
			children = (
				85C3EB9F2491B778000DF50E /* Base */,
			);
			name = LaunchScreen.storyboard;
			sourceTree = "<group>";
		};
/* End PBXVariantGroup section */

/* Begin XCBuildConfiguration section */
		85C3EBA22491B778000DF50E /* Debug */ = {
			isa = XCBuildConfiguration;
			buildSettings = {
				ALWAYS_SEARCH_USER_PATHS = NO;
				CLANG_ANALYZER_NONNULL = YES;
				CLANG_ANALYZER_NUMBER_OBJECT_CONVERSION = YES_AGGRESSIVE;
				CLANG_CXX_LANGUAGE_STANDARD = "gnu++14";
				CLANG_CXX_LIBRARY = "libc++";
				CLANG_ENABLE_MODULES = YES;
				CLANG_ENABLE_OBJC_ARC = YES;
				CLANG_ENABLE_OBJC_WEAK = YES;
				CLANG_WARN_BLOCK_CAPTURE_AUTORELEASING = YES;
				CLANG_WARN_BOOL_CONVERSION = YES;
				CLANG_WARN_COMMA = YES;
				CLANG_WARN_CONSTANT_CONVERSION = YES;
				CLANG_WARN_DEPRECATED_OBJC_IMPLEMENTATIONS = YES;
				CLANG_WARN_DIRECT_OBJC_ISA_USAGE = YES_ERROR;
				CLANG_WARN_DOCUMENTATION_COMMENTS = YES;
				CLANG_WARN_EMPTY_BODY = YES;
				CLANG_WARN_ENUM_CONVERSION = YES;
				CLANG_WARN_INFINITE_RECURSION = YES;
				CLANG_WARN_INT_CONVERSION = YES;
				CLANG_WARN_NON_LITERAL_NULL_CONVERSION = YES;
				CLANG_WARN_OBJC_IMPLICIT_RETAIN_SELF = YES;
				CLANG_WARN_OBJC_LITERAL_CONVERSION = YES;
				CLANG_WARN_OBJC_ROOT_CLASS = YES_ERROR;
				CLANG_WARN_RANGE_LOOP_ANALYSIS = YES;
				CLANG_WARN_STRICT_PROTOTYPES = YES;
				CLANG_WARN_SUSPICIOUS_MOVE = YES;
				CLANG_WARN_UNGUARDED_AVAILABILITY = YES_AGGRESSIVE;
				CLANG_WARN_UNREACHABLE_CODE = YES;
				CLANG_WARN__DUPLICATE_METHOD_MATCH = YES;
				COPY_PHASE_STRIP = NO;
				DEBUG_INFORMATION_FORMAT = dwarf;
				ENABLE_STRICT_OBJC_MSGSEND = YES;
				ENABLE_TESTABILITY = YES;
				GCC_C_LANGUAGE_STANDARD = gnu11;
				GCC_DYNAMIC_NO_PIC = NO;
				GCC_NO_COMMON_BLOCKS = YES;
				GCC_OPTIMIZATION_LEVEL = 0;
				GCC_PREPROCESSOR_DEFINITIONS = (
					"DEBUG=1",
					"$(inherited)",
				);
				GCC_WARN_64_TO_32_BIT_CONVERSION = YES;
				GCC_WARN_ABOUT_RETURN_TYPE = YES_ERROR;
				GCC_WARN_UNDECLARED_SELECTOR = YES;
				GCC_WARN_UNINITIALIZED_AUTOS = YES_AGGRESSIVE;
				GCC_WARN_UNUSED_FUNCTION = YES;
				GCC_WARN_UNUSED_VARIABLE = YES;
				IPHONEOS_DEPLOYMENT_TARGET = 13.5;
				MTL_ENABLE_DEBUG_INFO = INCLUDE_SOURCE;
				MTL_FAST_MATH = YES;
				ONLY_ACTIVE_ARCH = YES;
				SDKROOT = iphoneos;
				SWIFT_ACTIVE_COMPILATION_CONDITIONS = DEBUG;
				SWIFT_OPTIMIZATION_LEVEL = "-Onone";
			};
			name = Debug;
		};
		85C3EBA32491B778000DF50E /* Release */ = {
			isa = XCBuildConfiguration;
			buildSettings = {
				ALWAYS_SEARCH_USER_PATHS = NO;
				CLANG_ANALYZER_NONNULL = YES;
				CLANG_ANALYZER_NUMBER_OBJECT_CONVERSION = YES_AGGRESSIVE;
				CLANG_CXX_LANGUAGE_STANDARD = "gnu++14";
				CLANG_CXX_LIBRARY = "libc++";
				CLANG_ENABLE_MODULES = YES;
				CLANG_ENABLE_OBJC_ARC = YES;
				CLANG_ENABLE_OBJC_WEAK = YES;
				CLANG_WARN_BLOCK_CAPTURE_AUTORELEASING = YES;
				CLANG_WARN_BOOL_CONVERSION = YES;
				CLANG_WARN_COMMA = YES;
				CLANG_WARN_CONSTANT_CONVERSION = YES;
				CLANG_WARN_DEPRECATED_OBJC_IMPLEMENTATIONS = YES;
				CLANG_WARN_DIRECT_OBJC_ISA_USAGE = YES_ERROR;
				CLANG_WARN_DOCUMENTATION_COMMENTS = YES;
				CLANG_WARN_EMPTY_BODY = YES;
				CLANG_WARN_ENUM_CONVERSION = YES;
				CLANG_WARN_INFINITE_RECURSION = YES;
				CLANG_WARN_INT_CONVERSION = YES;
				CLANG_WARN_NON_LITERAL_NULL_CONVERSION = YES;
				CLANG_WARN_OBJC_IMPLICIT_RETAIN_SELF = YES;
				CLANG_WARN_OBJC_LITERAL_CONVERSION = YES;
				CLANG_WARN_OBJC_ROOT_CLASS = YES_ERROR;
				CLANG_WARN_RANGE_LOOP_ANALYSIS = YES;
				CLANG_WARN_STRICT_PROTOTYPES = YES;
				CLANG_WARN_SUSPICIOUS_MOVE = YES;
				CLANG_WARN_UNGUARDED_AVAILABILITY = YES_AGGRESSIVE;
				CLANG_WARN_UNREACHABLE_CODE = YES;
				CLANG_WARN__DUPLICATE_METHOD_MATCH = YES;
				COPY_PHASE_STRIP = NO;
				DEBUG_INFORMATION_FORMAT = "dwarf-with-dsym";
				ENABLE_NS_ASSERTIONS = NO;
				ENABLE_STRICT_OBJC_MSGSEND = YES;
				GCC_C_LANGUAGE_STANDARD = gnu11;
				GCC_NO_COMMON_BLOCKS = YES;
				GCC_WARN_64_TO_32_BIT_CONVERSION = YES;
				GCC_WARN_ABOUT_RETURN_TYPE = YES_ERROR;
				GCC_WARN_UNDECLARED_SELECTOR = YES;
				GCC_WARN_UNINITIALIZED_AUTOS = YES_AGGRESSIVE;
				GCC_WARN_UNUSED_FUNCTION = YES;
				GCC_WARN_UNUSED_VARIABLE = YES;
				IPHONEOS_DEPLOYMENT_TARGET = 13.5;
				MTL_ENABLE_DEBUG_INFO = NO;
				MTL_FAST_MATH = YES;
				SDKROOT = iphoneos;
				SWIFT_COMPILATION_MODE = wholemodule;
				SWIFT_OPTIMIZATION_LEVEL = "-O";
				VALIDATE_PRODUCT = YES;
			};
			name = Release;
		};
		85C3EBA52491B778000DF50E /* Debug */ = {
			isa = XCBuildConfiguration;
			baseConfigurationReference = CE920607F00219A074C3FECB /* Pods-tester.debug.xcconfig */;
			buildSettings = {
				ASSETCATALOG_COMPILER_APPICON_NAME = AppIcon;
				CODE_SIGN_STYLE = Automatic;
				DEVELOPMENT_TEAM = R436CGJFHT;
				INFOPLIST_FILE = tester/Info.plist;
				LD_RUNPATH_SEARCH_PATHS = (
					"$(inherited)",
					"@executable_path/Frameworks",
				);
				PRODUCT_BUNDLE_IDENTIFIER = com.poornajay.tester;
				PRODUCT_NAME = "$(TARGET_NAME)";
				SWIFT_VERSION = 5.0;
				TARGETED_DEVICE_FAMILY = "1,2";
			};
			name = Debug;
		};
		85C3EBA62491B778000DF50E /* Release */ = {
			isa = XCBuildConfiguration;
			baseConfigurationReference = 012A1103C07B887AFDB3BD6A /* Pods-tester.release.xcconfig */;
			buildSettings = {
				ASSETCATALOG_COMPILER_APPICON_NAME = AppIcon;
				CODE_SIGN_STYLE = Automatic;
				DEVELOPMENT_TEAM = R436CGJFHT;
				INFOPLIST_FILE = tester/Info.plist;
				LD_RUNPATH_SEARCH_PATHS = (
					"$(inherited)",
					"@executable_path/Frameworks",
				);
				PRODUCT_BUNDLE_IDENTIFIER = com.poornajay.tester;
				PRODUCT_NAME = "$(TARGET_NAME)";
				SWIFT_VERSION = 5.0;
				TARGETED_DEVICE_FAMILY = "1,2";
			};
			name = Release;
		};
/* End XCBuildConfiguration section */

/* Begin XCConfigurationList section */
		85C3EB8B2491B777000DF50E /* Build configuration list for PBXProject "tester" */ = {
			isa = XCConfigurationList;
			buildConfigurations = (
				85C3EBA22491B778000DF50E /* Debug */,
				85C3EBA32491B778000DF50E /* Release */,
			);
			defaultConfigurationIsVisible = 0;
			defaultConfigurationName = Release;
		};
		85C3EBA42491B778000DF50E /* Build configuration list for PBXNativeTarget "tester" */ = {
			isa = XCConfigurationList;
			buildConfigurations = (
				85C3EBA52491B778000DF50E /* Debug */,
				85C3EBA62491B778000DF50E /* Release */,
			);
			defaultConfigurationIsVisible = 0;
			defaultConfigurationName = Release;
		};
/* End XCConfigurationList section */
	};
	rootObject = 85C3EB882491B777000DF50E /* Project object */;
}
